
Microsoft Visual Studio Solution File, Format Version 12.00
# Visual Studio 15
VisualStudioVersion = 15.0.27428.2005
MinimumVisualStudioVersion = 10.0.40219.1
Project("{FAE04EC0-301F-11D3-BF4B-00C04F79EFBC}") = "MediaAleatorios", "Pac3_modulo3\MediaAleatorios.csproj", "{77F15B78-F166-4BA5-B916-76E319BCA879}"
EndProject
Project("{FAE04EC0-301F-11D3-BF4B-00C04F79EFBC}") = "NegativosPositivos", "ParesImparesArray\NegativosPositivos.csproj", "{185266B9-D35D-401E-A3E5-78C2D7267A8D}"
EndProject
Project("{FAE04EC0-301F-11D3-BF4B-00C04F79EFBC}") = "CadenaCaracteres", "CadenaCaracteres\CadenaCaracteres.csproj", "{51EF21AE-C879-491A-907C-3AD7646CD912}"
EndProject
Project("{FAE04EC0-301F-11D3-BF4B-00C04F79EFBC}") = "Multidimension", "Multidimension\Multidimension.csproj", "{55C6ACCF-73FE-43DC-BAE3-6E1EA995E2AF}"
EndProject
Global
	GlobalSection(SolutionConfigurationPlatforms) = preSolution
		Debug|Any CPU = Debug|Any CPU
		Release|Any CPU = Release|Any CPU
	EndGlobalSection
	GlobalSection(ProjectConfigurationPlatforms) = postSolution
		{77F15B78-F166-4BA5-B916-76E319BCA879}.Debug|Any CPU.ActiveCfg = Debug|Any CPU
		{77F15B78-F166-4BA5-B916-76E319BCA879}.Debug|Any CPU.Build.0 = Debug|Any CPU
		{77F15B78-F166-4BA5-B916-76E319BCA879}.Release|Any CPU.ActiveCfg = Release|Any CPU
		{77F15B78-F166-4BA5-B916-76E319BCA879}.Release|Any CPU.Build.0 = Release|Any CPU
		{185266B9-D35D-401E-A3E5-78C2D7267A8D}.Debug|Any CPU.ActiveCfg = Debug|Any CPU
		{185266B9-D35D-401E-A3E5-78C2D7267A8D}.Debug|Any CPU.Build.0 = Debug|Any CPU
		{185266B9-D35D-401E-A3E5-78C2D7267A8D}.Release|Any CPU.ActiveCfg = Release|Any CPU
		{185266B9-D35D-401E-A3E5-78C2D7267A8D}.Release|Any CPU.Build.0 = Release|Any CPU
		{51EF21AE-C879-491A-907C-3AD7646CD912}.Debug|Any CPU.ActiveCfg = Debug|Any CPU
		{51EF21AE-C879-491A-907C-3AD7646CD912}.Debug|Any CPU.Build.0 = Debug|Any CPU
		{51EF21AE-C879-491A-907C-3AD7646CD912}.Release|Any CPU.ActiveCfg = Release|Any CPU
		{51EF21AE-C879-491A-907C-3AD7646CD912}.Release|Any CPU.Build.0 = Release|Any CPU
		{55C6ACCF-73FE-43DC-BAE3-6E1EA995E2AF}.Debug|Any CPU.ActiveCfg = Debug|Any CPU
		{55C6ACCF-73FE-43DC-BAE3-6E1EA995E2AF}.Debug|Any CPU.Build.0 = Debug|Any CPU
		{55C6ACCF-73FE-43DC-BAE3-6E1EA995E2AF}.Release|Any CPU.ActiveCfg = Release|Any CPU
		{55C6ACCF-73FE-43DC-BAE3-6E1EA995E2AF}.Release|Any CPU.Build.0 = Release|Any CPU
	EndGlobalSection
	GlobalSection(SolutionProperties) = preSolution
		HideSolutionNode = FALSE
	EndGlobalSection
	GlobalSection(ExtensibilityGlobals) = postSolution
		SolutionGuid = {2CF36044-602C-4292-BF82-48B32FB4CD36}
	EndGlobalSection
EndGlobal
