
Microsoft Visual Studio Solution File, Format Version 12.00
# Visual Studio 15
VisualStudioVersion = 15.0.27428.2005
MinimumVisualStudioVersion = 10.0.40219.1
Project("{FAE04EC0-301F-11D3-BF4B-00C04F79EFBC}") = "Calculo_Multiplos", "Pac2_modulo3\Calculo_Multiplos.csproj", "{8F15E96A-F9D4-4CEB-8017-57E327AE4ADA}"
EndProject
Project("{2150E333-8FDC-42A3-9474-1A3956D46DE8}") = "Calculo multiplos", "Calculo multiplos", "{566CFFFA-475F-43FA-A1CA-AC71771F525A}"
EndProject
Project("{2150E333-8FDC-42A3-9474-1A3956D46DE8}") = "PositivoNegativo", "PositivoNegativo", "{2B766C98-9A0E-466E-9E04-A614C796E8DA}"
EndProject
Project("{FAE04EC0-301F-11D3-BF4B-00C04F79EFBC}") = "PositivoNegativo", "PositivoNegativo\PositivoNegativo.csproj", "{C1562143-8A65-4164-860F-6F219929CE11}"
EndProject
Project("{2150E333-8FDC-42A3-9474-1A3956D46DE8}") = "NumerosPare", "NumerosPare", "{357FCD16-7674-447A-BB8A-626F0140C4FC}"
EndProject
Project("{FAE04EC0-301F-11D3-BF4B-00C04F79EFBC}") = "NumerosPares", "NumerosPares\NumerosPares.csproj", "{F5C5561D-C98D-451E-B935-791CE94CA16D}"
EndProject
Project("{2150E333-8FDC-42A3-9474-1A3956D46DE8}") = "Suma1-100", "Suma1-100", "{A746CB59-0E98-43DC-B5C7-C51E14C61619}"
EndProject
Project("{FAE04EC0-301F-11D3-BF4B-00C04F79EFBC}") = "Suma1100", "Suma1100\Suma1100.csproj", "{22DE2750-D89D-4C90-B255-C9E1CB983705}"
EndProject
Project("{FAE04EC0-301F-11D3-BF4B-00C04F79EFBC}") = "MediaNumeros", "MediaNumeros\MediaNumeros.csproj", "{92D2B43B-E90C-40F2-89E5-9B03F4631FF6}"
EndProject
Project("{FAE04EC0-301F-11D3-BF4B-00C04F79EFBC}") = "FigurasMas", "FigurasMas\FigurasMas.csproj", "{DF6A40CA-B96A-4E24-BD9A-26A272ABFD4E}"
EndProject
Project("{FAE04EC0-301F-11D3-BF4B-00C04F79EFBC}") = "FiguraMenos", "FiguraMenos\FiguraMenos.csproj", "{A012FB13-85C8-469E-A260-410D71B3A34F}"
EndProject
Project("{FAE04EC0-301F-11D3-BF4B-00C04F79EFBC}") = "CalculadoraMenu", "CalculadoraMenu\CalculadoraMenu.csproj", "{30D1346A-3DFE-48D2-880A-E76289804884}"
EndProject
Project("{FAE04EC0-301F-11D3-BF4B-00C04F79EFBC}") = "TablasDeMultiplicar", "TablasDeMultiplicar\TablasDeMultiplicar.csproj", "{3E562598-761B-45E5-BBE5-EB92FB8A1DE5}"
EndProject
Global
	GlobalSection(SolutionConfigurationPlatforms) = preSolution
		Debug|Any CPU = Debug|Any CPU
		Release|Any CPU = Release|Any CPU
	EndGlobalSection
	GlobalSection(ProjectConfigurationPlatforms) = postSolution
		{8F15E96A-F9D4-4CEB-8017-57E327AE4ADA}.Debug|Any CPU.ActiveCfg = Debug|Any CPU
		{8F15E96A-F9D4-4CEB-8017-57E327AE4ADA}.Debug|Any CPU.Build.0 = Debug|Any CPU
		{8F15E96A-F9D4-4CEB-8017-57E327AE4ADA}.Release|Any CPU.ActiveCfg = Release|Any CPU
		{8F15E96A-F9D4-4CEB-8017-57E327AE4ADA}.Release|Any CPU.Build.0 = Release|Any CPU
		{C1562143-8A65-4164-860F-6F219929CE11}.Debug|Any CPU.ActiveCfg = Debug|Any CPU
		{C1562143-8A65-4164-860F-6F219929CE11}.Debug|Any CPU.Build.0 = Debug|Any CPU
		{C1562143-8A65-4164-860F-6F219929CE11}.Release|Any CPU.ActiveCfg = Release|Any CPU
		{C1562143-8A65-4164-860F-6F219929CE11}.Release|Any CPU.Build.0 = Release|Any CPU
		{F5C5561D-C98D-451E-B935-791CE94CA16D}.Debug|Any CPU.ActiveCfg = Debug|Any CPU
		{F5C5561D-C98D-451E-B935-791CE94CA16D}.Debug|Any CPU.Build.0 = Debug|Any CPU
		{F5C5561D-C98D-451E-B935-791CE94CA16D}.Release|Any CPU.ActiveCfg = Release|Any CPU
		{F5C5561D-C98D-451E-B935-791CE94CA16D}.Release|Any CPU.Build.0 = Release|Any CPU
		{22DE2750-D89D-4C90-B255-C9E1CB983705}.Debug|Any CPU.ActiveCfg = Debug|Any CPU
		{22DE2750-D89D-4C90-B255-C9E1CB983705}.Debug|Any CPU.Build.0 = Debug|Any CPU
		{22DE2750-D89D-4C90-B255-C9E1CB983705}.Release|Any CPU.ActiveCfg = Release|Any CPU
		{22DE2750-D89D-4C90-B255-C9E1CB983705}.Release|Any CPU.Build.0 = Release|Any CPU
		{92D2B43B-E90C-40F2-89E5-9B03F4631FF6}.Debug|Any CPU.ActiveCfg = Debug|Any CPU
		{92D2B43B-E90C-40F2-89E5-9B03F4631FF6}.Debug|Any CPU.Build.0 = Debug|Any CPU
		{92D2B43B-E90C-40F2-89E5-9B03F4631FF6}.Release|Any CPU.ActiveCfg = Release|Any CPU
		{92D2B43B-E90C-40F2-89E5-9B03F4631FF6}.Release|Any CPU.Build.0 = Release|Any CPU
		{DF6A40CA-B96A-4E24-BD9A-26A272ABFD4E}.Debug|Any CPU.ActiveCfg = Debug|Any CPU
		{DF6A40CA-B96A-4E24-BD9A-26A272ABFD4E}.Debug|Any CPU.Build.0 = Debug|Any CPU
		{DF6A40CA-B96A-4E24-BD9A-26A272ABFD4E}.Release|Any CPU.ActiveCfg = Release|Any CPU
		{DF6A40CA-B96A-4E24-BD9A-26A272ABFD4E}.Release|Any CPU.Build.0 = Release|Any CPU
		{A012FB13-85C8-469E-A260-410D71B3A34F}.Debug|Any CPU.ActiveCfg = Debug|Any CPU
		{A012FB13-85C8-469E-A260-410D71B3A34F}.Debug|Any CPU.Build.0 = Debug|Any CPU
		{A012FB13-85C8-469E-A260-410D71B3A34F}.Release|Any CPU.ActiveCfg = Release|Any CPU
		{A012FB13-85C8-469E-A260-410D71B3A34F}.Release|Any CPU.Build.0 = Release|Any CPU
		{30D1346A-3DFE-48D2-880A-E76289804884}.Debug|Any CPU.ActiveCfg = Debug|Any CPU
		{30D1346A-3DFE-48D2-880A-E76289804884}.Debug|Any CPU.Build.0 = Debug|Any CPU
		{30D1346A-3DFE-48D2-880A-E76289804884}.Release|Any CPU.ActiveCfg = Release|Any CPU
		{30D1346A-3DFE-48D2-880A-E76289804884}.Release|Any CPU.Build.0 = Release|Any CPU
		{3E562598-761B-45E5-BBE5-EB92FB8A1DE5}.Debug|Any CPU.ActiveCfg = Debug|Any CPU
		{3E562598-761B-45E5-BBE5-EB92FB8A1DE5}.Debug|Any CPU.Build.0 = Debug|Any CPU
		{3E562598-761B-45E5-BBE5-EB92FB8A1DE5}.Release|Any CPU.ActiveCfg = Release|Any CPU
		{3E562598-761B-45E5-BBE5-EB92FB8A1DE5}.Release|Any CPU.Build.0 = Release|Any CPU
	EndGlobalSection
	GlobalSection(SolutionProperties) = preSolution
		HideSolutionNode = FALSE
	EndGlobalSection
	GlobalSection(NestedProjects) = preSolution
		{8F15E96A-F9D4-4CEB-8017-57E327AE4ADA} = {566CFFFA-475F-43FA-A1CA-AC71771F525A}
		{C1562143-8A65-4164-860F-6F219929CE11} = {2B766C98-9A0E-466E-9E04-A614C796E8DA}
		{F5C5561D-C98D-451E-B935-791CE94CA16D} = {357FCD16-7674-447A-BB8A-626F0140C4FC}
		{22DE2750-D89D-4C90-B255-C9E1CB983705} = {A746CB59-0E98-43DC-B5C7-C51E14C61619}
	EndGlobalSection
	GlobalSection(ExtensibilityGlobals) = postSolution
		SolutionGuid = {9778A028-C8B3-4007-AC87-DF508A0F2C5B}
	EndGlobalSection
EndGlobal
